// !$*UTF8*$!
{
	archiveVersion = 1;
	classes = {
	};
	objectVersion = 55;
	objects = {

/* Begin PBXBuildFile section */
		7C780A2326A6D54E009C50FB /* AppDelegate.swift in Sources */ = {isa = PBXBuildFile; fileRef = 7C780A2226A6D54E009C50FB /* AppDelegate.swift */; };
		7C780A2526A6D54E009C50FB /* SceneDelegate.swift in Sources */ = {isa = PBXBuildFile; fileRef = 7C780A2426A6D54E009C50FB /* SceneDelegate.swift */; };
		7C780A2726A6D54E009C50FB /* ViewController.swift in Sources */ = {isa = PBXBuildFile; fileRef = 7C780A2626A6D54E009C50FB /* ViewController.swift */; };
		7C780A2A26A6D54E009C50FB /* Main.storyboard in Resources */ = {isa = PBXBuildFile; fileRef = 7C780A2826A6D54E009C50FB /* Main.storyboard */; };
		7C780A2C26A6D54F009C50FB /* Assets.xcassets in Resources */ = {isa = PBXBuildFile; fileRef = 7C780A2B26A6D54F009C50FB /* Assets.xcassets */; };
		7C780A2F26A6D54F009C50FB /* LaunchScreen.storyboard in Resources */ = {isa = PBXBuildFile; fileRef = 7C780A2D26A6D54F009C50FB /* LaunchScreen.storyboard */; };
		7C780A3726A6DBD7009C50FB /* SearchViewController.swift in Sources */ = {isa = PBXBuildFile; fileRef = 7C780A3626A6DBD7009C50FB /* SearchViewController.swift */; };
		7C780A3926A6DEC3009C50FB /* Model.swift in Sources */ = {isa = PBXBuildFile; fileRef = 7C780A3826A6DEC3009C50FB /* Model.swift */; };
		7C780A3B26A6DEF6009C50FB /* ApiService.swift in Sources */ = {isa = PBXBuildFile; fileRef = 7C780A3A26A6DEF6009C50FB /* ApiService.swift */; };
		7C780A3D26A6DF26009C50FB /* ViewModel.swift in Sources */ = {isa = PBXBuildFile; fileRef = 7C780A3C26A6DF26009C50FB /* ViewModel.swift */; };
		7C780A3F26A6E20E009C50FB /* MovieTableViewCell.swift in Sources */ = {isa = PBXBuildFile; fileRef = 7C780A3E26A6E20E009C50FB /* MovieTableViewCell.swift */; };
		7C780A4126A6EDB0009C50FB /* DetailViewController.swift in Sources */ = {isa = PBXBuildFile; fileRef = 7C780A4026A6EDB0009C50FB /* DetailViewController.swift */; };
		7C780A4626A6F756009C50FB /* WatchViewController.swift in Sources */ = {isa = PBXBuildFile; fileRef = 7C780A4526A6F756009C50FB /* WatchViewController.swift */; };
		7C780A4826A6F85C009C50FB /* WatchTableViewCell.swift in Sources */ = {isa = PBXBuildFile; fileRef = 7C780A4726A6F85C009C50FB /* WatchTableViewCell.swift */; };
/* End PBXBuildFile section */

/* Begin PBXFileReference section */
		7C780A1F26A6D54E009C50FB /* MovieManagerApp.app */ = {isa = PBXFileReference; explicitFileType = wrapper.application; includeInIndex = 0; path = MovieManagerApp.app; sourceTree = BUILT_PRODUCTS_DIR; };
		7C780A2226A6D54E009C50FB /* AppDelegate.swift */ = {isa = PBXFileReference; lastKnownFileType = sourcecode.swift; path = AppDelegate.swift; sourceTree = "<group>"; };
		7C780A2426A6D54E009C50FB /* SceneDelegate.swift */ = {isa = PBXFileReference; lastKnownFileType = sourcecode.swift; path = SceneDelegate.swift; sourceTree = "<group>"; };
		7C780A2626A6D54E009C50FB /* ViewController.swift */ = {isa = PBXFileReference; lastKnownFileType = sourcecode.swift; path = ViewController.swift; sourceTree = "<group>"; };
		7C780A2926A6D54E009C50FB /* Base */ = {isa = PBXFileReference; lastKnownFileType = file.storyboard; name = Base; path = Base.lproj/Main.storyboard; sourceTree = "<group>"; };
		7C780A2B26A6D54F009C50FB /* Assets.xcassets */ = {isa = PBXFileReference; lastKnownFileType = folder.assetcatalog; path = Assets.xcassets; sourceTree = "<group>"; };
		7C780A2E26A6D54F009C50FB /* Base */ = {isa = PBXFileReference; lastKnownFileType = file.storyboard; name = Base; path = Base.lproj/LaunchScreen.storyboard; sourceTree = "<group>"; };
		7C780A3026A6D54F009C50FB /* Info.plist */ = {isa = PBXFileReference; lastKnownFileType = text.plist.xml; path = Info.plist; sourceTree = "<group>"; };
		7C780A3626A6DBD7009C50FB /* SearchViewController.swift */ = {isa = PBXFileReference; lastKnownFileType = sourcecode.swift; path = SearchViewController.swift; sourceTree = "<group>"; };
		7C780A3826A6DEC3009C50FB /* Model.swift */ = {isa = PBXFileReference; lastKnownFileType = sourcecode.swift; path = Model.swift; sourceTree = "<group>"; };
		7C780A3A26A6DEF6009C50FB /* ApiService.swift */ = {isa = PBXFileReference; lastKnownFileType = sourcecode.swift; path = ApiService.swift; sourceTree = "<group>"; };
		7C780A3C26A6DF26009C50FB /* ViewModel.swift */ = {isa = PBXFileReference; lastKnownFileType = sourcecode.swift; path = ViewModel.swift; sourceTree = "<group>"; };
		7C780A3E26A6E20E009C50FB /* MovieTableViewCell.swift */ = {isa = PBXFileReference; lastKnownFileType = sourcecode.swift; path = MovieTableViewCell.swift; sourceTree = "<group>"; };
		7C780A4026A6EDB0009C50FB /* DetailViewController.swift */ = {isa = PBXFileReference; lastKnownFileType = sourcecode.swift; path = DetailViewController.swift; sourceTree = "<group>"; };
		7C780A4526A6F756009C50FB /* WatchViewController.swift */ = {isa = PBXFileReference; lastKnownFileType = sourcecode.swift; path = WatchViewController.swift; sourceTree = "<group>"; };
		7C780A4726A6F85C009C50FB /* WatchTableViewCell.swift */ = {isa = PBXFileReference; lastKnownFileType = sourcecode.swift; path = WatchTableViewCell.swift; sourceTree = "<group>"; };
/* End PBXFileReference section */

/* Begin PBXFrameworksBuildPhase section */
		7C780A1C26A6D54E009C50FB /* Frameworks */ = {
			isa = PBXFrameworksBuildPhase;
			buildActionMask = 2147483647;
			files = (
			);
			runOnlyForDeploymentPostprocessing = 0;
		};
/* End PBXFrameworksBuildPhase section */

/* Begin PBXGroup section */
		7C780A1626A6D54E009C50FB = {
			isa = PBXGroup;
			children = (
				7C780A2126A6D54E009C50FB /* MovieManagerApp */,
				7C780A2026A6D54E009C50FB /* Products */,
			);
			sourceTree = "<group>";
		};
		7C780A2026A6D54E009C50FB /* Products */ = {
			isa = PBXGroup;
			children = (
				7C780A1F26A6D54E009C50FB /* MovieManagerApp.app */,
			);
			name = Products;
			sourceTree = "<group>";
		};
		7C780A2126A6D54E009C50FB /* MovieManagerApp */ = {
			isa = PBXGroup;
			children = (
				7C780A4426A6F72F009C50FB /* ViewModel */,
				7C780A4326A6F718009C50FB /* Controller */,
				7C780A4226A6F708009C50FB /* Service */,
				7C780A2226A6D54E009C50FB /* AppDelegate.swift */,
				7C780A2426A6D54E009C50FB /* SceneDelegate.swift */,
				7C780A2826A6D54E009C50FB /* Main.storyboard */,
				7C780A2B26A6D54F009C50FB /* Assets.xcassets */,
				7C780A2D26A6D54F009C50FB /* LaunchScreen.storyboard */,
				7C780A3026A6D54F009C50FB /* Info.plist */,
			);
			path = MovieManagerApp;
			sourceTree = "<group>";
		};
		7C780A4226A6F708009C50FB /* Service */ = {
			isa = PBXGroup;
			children = (
				7C780A3A26A6DEF6009C50FB /* ApiService.swift */,
				7C780A3826A6DEC3009C50FB /* Model.swift */,
			);
			path = Service;
			sourceTree = "<group>";
		};
		7C780A4326A6F718009C50FB /* Controller */ = {
			isa = PBXGroup;
			children = (
				7C780A4026A6EDB0009C50FB /* DetailViewController.swift */,
				7C780A3E26A6E20E009C50FB /* MovieTableViewCell.swift */,
				7C780A2626A6D54E009C50FB /* ViewController.swift */,
				7C780A3626A6DBD7009C50FB /* SearchViewController.swift */,
				7C780A4526A6F756009C50FB /* WatchViewController.swift */,
				7C780A4726A6F85C009C50FB /* WatchTableViewCell.swift */,
			);
			path = Controller;
			sourceTree = "<group>";
		};
		7C780A4426A6F72F009C50FB /* ViewModel */ = {
			isa = PBXGroup;
			children = (
				7C780A3C26A6DF26009C50FB /* ViewModel.swift */,
			);
			path = ViewModel;
			sourceTree = "<group>";
		};
/* End PBXGroup section */

/* Begin PBXNativeTarget section */
		7C780A1E26A6D54E009C50FB /* MovieManagerApp */ = {
			isa = PBXNativeTarget;
			buildConfigurationList = 7C780A3326A6D54F009C50FB /* Build configuration list for PBXNativeTarget "MovieManagerApp" */;
			buildPhases = (
				7C780A1B26A6D54E009C50FB /* Sources */,
				7C780A1C26A6D54E009C50FB /* Frameworks */,
				7C780A1D26A6D54E009C50FB /* Resources */,
			);
			buildRules = (
			);
			dependencies = (
			);
			name = MovieManagerApp;
			productName = MovieManagerApp;
			productReference = 7C780A1F26A6D54E009C50FB /* MovieManagerApp.app */;
			productType = "com.apple.product-type.application";
		};
/* End PBXNativeTarget section */

/* Begin PBXProject section */
		7C780A1726A6D54E009C50FB /* Project object */ = {
			isa = PBXProject;
			attributes = {
				BuildIndependentTargetsInParallel = 1;
				LastSwiftUpdateCheck = 1300;
				LastUpgradeCheck = 1300;
				TargetAttributes = {
					7C780A1E26A6D54E009C50FB = {
						CreatedOnToolsVersion = 13.0;
					};
				};
			};
			buildConfigurationList = 7C780A1A26A6D54E009C50FB /* Build configuration list for PBXProject "MovieManagerApp" */;
			compatibilityVersion = "Xcode 13.0";
			developmentRegion = en;
			hasScannedForEncodings = 0;
			knownRegions = (
				en,
				Base,
			);
			mainGroup = 7C780A1626A6D54E009C50FB;
			productRefGroup = 7C780A2026A6D54E009C50FB /* Products */;
			projectDirPath = "";
			projectRoot = "";
			targets = (
				7C780A1E26A6D54E009C50FB /* MovieManagerApp */,
			);
		};
/* End PBXProject section */

/* Begin PBXResourcesBuildPhase section */
		7C780A1D26A6D54E009C50FB /* Resources */ = {
			isa = PBXResourcesBuildPhase;
			buildActionMask = 2147483647;
			files = (
				7C780A2F26A6D54F009C50FB /* LaunchScreen.storyboard in Resources */,
				7C780A2C26A6D54F009C50FB /* Assets.xcassets in Resources */,
				7C780A2A26A6D54E009C50FB /* Main.storyboard in Resources */,
			);
			runOnlyForDeploymentPostprocessing = 0;
		};
/* End PBXResourcesBuildPhase section */

/* Begin PBXSourcesBuildPhase section */
		7C780A1B26A6D54E009C50FB /* Sources */ = {
			isa = PBXSourcesBuildPhase;
			buildActionMask = 2147483647;
			files = (
				7C780A4126A6EDB0009C50FB /* DetailViewController.swift in Sources */,
				7C780A3926A6DEC3009C50FB /* Model.swift in Sources */,
				7C780A2726A6D54E009C50FB /* ViewController.swift in Sources */,
				7C780A3B26A6DEF6009C50FB /* ApiService.swift in Sources */,
				7C780A2326A6D54E009C50FB /* AppDelegate.swift in Sources */,
				7C780A2526A6D54E009C50FB /* SceneDelegate.swift in Sources */,
				7C780A4626A6F756009C50FB /* WatchViewController.swift in Sources */,
				7C780A3726A6DBD7009C50FB /* SearchViewController.swift in Sources */,
				7C780A4826A6F85C009C50FB /* WatchTableViewCell.swift in Sources */,
				7C780A3F26A6E20E009C50FB /* MovieTableViewCell.swift in Sources */,
				7C780A3D26A6DF26009C50FB /* ViewModel.swift in Sources */,
			);
			runOnlyForDeploymentPostprocessing = 0;
		};
/* End PBXSourcesBuildPhase section */

/* Begin PBXVariantGroup section */
		7C780A2826A6D54E009C50FB /* Main.storyboard */ = {
			isa = PBXVariantGroup;
			children = (
				7C780A2926A6D54E009C50FB /* Base */,
			);
			name = Main.storyboard;
			sourceTree = "<group>";
		};
		7C780A2D26A6D54F009C50FB /* LaunchScreen.storyboard */ = {
			isa = PBXVariantGroup;
			children = (
				7C780A2E26A6D54F009C50FB /* Base */,
			);
			name = LaunchScreen.storyboard;
			sourceTree = "<group>";
		};
/* End PBXVariantGroup section */

/* Begin XCBuildConfiguration section */
		7C780A3126A6D54F009C50FB /* Debug */ = {
			isa = XCBuildConfiguration;
			buildSettings = {
				ALWAYS_SEARCH_USER_PATHS = NO;
				CLANG_ANALYZER_NONNULL = YES;
				CLANG_ANALYZER_NUMBER_OBJECT_CONVERSION = YES_AGGRESSIVE;
				CLANG_CXX_LANGUAGE_STANDARD = "gnu++14";
				CLANG_CXX_LIBRARY = "libc++";
				CLANG_ENABLE_MODULES = YES;
				CLANG_ENABLE_OBJC_ARC = YES;
				CLANG_ENABLE_OBJC_WEAK = YES;
				CLANG_WARN_BLOCK_CAPTURE_AUTORELEASING = YES;
				CLANG_WARN_BOOL_CONVERSION = YES;
				CLANG_WARN_COMMA = YES;
				CLANG_WARN_CONSTANT_CONVERSION = YES;
				CLANG_WARN_DEPRECATED_OBJC_IMPLEMENTATIONS = YES;
				CLANG_WARN_DIRECT_OBJC_ISA_USAGE = YES_ERROR;
				CLANG_WARN_DOCUMENTATION_COMMENTS = YES;
				CLANG_WARN_EMPTY_BODY = YES;
				CLANG_WARN_ENUM_CONVERSION = YES;
				CLANG_WARN_INFINITE_RECURSION = YES;
				CLANG_WARN_INT_CONVERSION = YES;
				CLANG_WARN_NON_LITERAL_NULL_CONVERSION = YES;
				CLANG_WARN_OBJC_IMPLICIT_RETAIN_SELF = YES;
				CLANG_WARN_OBJC_LITERAL_CONVERSION = YES;
				CLANG_WARN_OBJC_ROOT_CLASS = YES_ERROR;
				CLANG_WARN_QUOTED_INCLUDE_IN_FRAMEWORK_HEADER = YES;
				CLANG_WARN_RANGE_LOOP_ANALYSIS = YES;
				CLANG_WARN_STRICT_PROTOTYPES = YES;
				CLANG_WARN_SUSPICIOUS_MOVE = YES;
				CLANG_WARN_UNGUARDED_AVAILABILITY = YES_AGGRESSIVE;
				CLANG_WARN_UNREACHABLE_CODE = YES;
				CLANG_WARN__DUPLICATE_METHOD_MATCH = YES;
				COPY_PHASE_STRIP = NO;
				DEBUG_INFORMATION_FORMAT = dwarf;
				ENABLE_STRICT_OBJC_MSGSEND = YES;
				ENABLE_TESTABILITY = YES;
				GCC_C_LANGUAGE_STANDARD = gnu11;
				GCC_DYNAMIC_NO_PIC = NO;
				GCC_NO_COMMON_BLOCKS = YES;
				GCC_OPTIMIZATION_LEVEL = 0;
				GCC_PREPROCESSOR_DEFINITIONS = (
					"DEBUG=1",
					"$(inherited)",
				);
				GCC_WARN_64_TO_32_BIT_CONVERSION = YES;
				GCC_WARN_ABOUT_RETURN_TYPE = YES_ERROR;
				GCC_WARN_UNDECLARED_SELECTOR = YES;
				GCC_WARN_UNINITIALIZED_AUTOS = YES_AGGRESSIVE;
				GCC_WARN_UNUSED_FUNCTION = YES;
				GCC_WARN_UNUSED_VARIABLE = YES;
				IPHONEOS_DEPLOYMENT_TARGET = 15.0;
				MTL_ENABLE_DEBUG_INFO = INCLUDE_SOURCE;
				MTL_FAST_MATH = YES;
				ONLY_ACTIVE_ARCH = YES;
				SDKROOT = iphoneos;
				SWIFT_ACTIVE_COMPILATION_CONDITIONS = DEBUG;
				SWIFT_OPTIMIZATION_LEVEL = "-Onone";
			};
			name = Debug;
		};
		7C780A3226A6D54F009C50FB /* Release */ = {
			isa = XCBuildConfiguration;
			buildSettings = {
				ALWAYS_SEARCH_USER_PATHS = NO;
				CLANG_ANALYZER_NONNULL = YES;
				CLANG_ANALYZER_NUMBER_OBJECT_CONVERSION = YES_AGGRESSIVE;
				CLANG_CXX_LANGUAGE_STANDARD = "gnu++14";
				CLANG_CXX_LIBRARY = "libc++";
				CLANG_ENABLE_MODULES = YES;
				CLANG_ENABLE_OBJC_ARC = YES;
				CLANG_ENABLE_OBJC_WEAK = YES;
				CLANG_WARN_BLOCK_CAPTURE_AUTORELEASING = YES;
				CLANG_WARN_BOOL_CONVERSION = YES;
				CLANG_WARN_COMMA = YES;
				CLANG_WARN_CONSTANT_CONVERSION = YES;
				CLANG_WARN_DEPRECATED_OBJC_IMPLEMENTATIONS = YES;
				CLANG_WARN_DIRECT_OBJC_ISA_USAGE = YES_ERROR;
				CLANG_WARN_DOCUMENTATION_COMMENTS = YES;
				CLANG_WARN_EMPTY_BODY = YES;
				CLANG_WARN_ENUM_CONVERSION = YES;
				CLANG_WARN_INFINITE_RECURSION = YES;
				CLANG_WARN_INT_CONVERSION = YES;
				CLANG_WARN_NON_LITERAL_NULL_CONVERSION = YES;
				CLANG_WARN_OBJC_IMPLICIT_RETAIN_SELF = YES;
				CLANG_WARN_OBJC_LITERAL_CONVERSION = YES;
				CLANG_WARN_OBJC_ROOT_CLASS = YES_ERROR;
				CLANG_WARN_QUOTED_INCLUDE_IN_FRAMEWORK_HEADER = YES;
				CLANG_WARN_RANGE_LOOP_ANALYSIS = YES;
				CLANG_WARN_STRICT_PROTOTYPES = YES;
				CLANG_WARN_SUSPICIOUS_MOVE = YES;
				CLANG_WARN_UNGUARDED_AVAILABILITY = YES_AGGRESSIVE;
				CLANG_WARN_UNREACHABLE_CODE = YES;
				CLANG_WARN__DUPLICATE_METHOD_MATCH = YES;
				COPY_PHASE_STRIP = NO;
				DEBUG_INFORMATION_FORMAT = "dwarf-with-dsym";
				ENABLE_NS_ASSERTIONS = NO;
				ENABLE_STRICT_OBJC_MSGSEND = YES;
				GCC_C_LANGUAGE_STANDARD = gnu11;
				GCC_NO_COMMON_BLOCKS = YES;
				GCC_WARN_64_TO_32_BIT_CONVERSION = YES;
				GCC_WARN_ABOUT_RETURN_TYPE = YES_ERROR;
				GCC_WARN_UNDECLARED_SELECTOR = YES;
				GCC_WARN_UNINITIALIZED_AUTOS = YES_AGGRESSIVE;
				GCC_WARN_UNUSED_FUNCTION = YES;
				GCC_WARN_UNUSED_VARIABLE = YES;
				IPHONEOS_DEPLOYMENT_TARGET = 15.0;
				MTL_ENABLE_DEBUG_INFO = NO;
				MTL_FAST_MATH = YES;
				SDKROOT = iphoneos;
				SWIFT_COMPILATION_MODE = wholemodule;
				SWIFT_OPTIMIZATION_LEVEL = "-O";
				VALIDATE_PRODUCT = YES;
			};
			name = Release;
		};
		7C780A3426A6D54F009C50FB /* Debug */ = {
			isa = XCBuildConfiguration;
			buildSettings = {
				ASSETCATALOG_COMPILER_APPICON_NAME = AppIcon;
				ASSETCATALOG_COMPILER_GLOBAL_ACCENT_COLOR_NAME = AccentColor;
				CODE_SIGN_STYLE = Automatic;
				CURRENT_PROJECT_VERSION = 1;
				DEVELOPMENT_TEAM = 47FU3Y4972;
				GENERATE_INFOPLIST_FILE = YES;
				INFOPLIST_FILE = MovieManagerApp/Info.plist;
				INFOPLIST_KEY_UIApplicationSupportsIndirectInputEvents = YES;
				INFOPLIST_KEY_UILaunchStoryboardName = LaunchScreen;
				INFOPLIST_KEY_UIMainStoryboardFile = Main;
				INFOPLIST_KEY_UISupportedInterfaceOrientations_iPad = "UIInterfaceOrientationPortrait UIInterfaceOrientationPortraitUpsideDown UIInterfaceOrientationLandscapeLeft UIInterfaceOrientationLandscapeRight";
				INFOPLIST_KEY_UISupportedInterfaceOrientations_iPhone = "UIInterfaceOrientationPortrait UIInterfaceOrientationLandscapeLeft UIInterfaceOrientationLandscapeRight";
				LD_RUNPATH_SEARCH_PATHS = (
					"$(inherited)",
					"@executable_path/Frameworks",
				);
				MARKETING_VERSION = 1.0;
				PRODUCT_BUNDLE_IDENTIFIER = "mesutaygun35-icloud.com.MovieManagerApp";
				PRODUCT_NAME = "$(TARGET_NAME)";
				SWIFT_EMIT_LOC_STRINGS = YES;
				SWIFT_VERSION = 5.0;
				TARGETED_DEVICE_FAMILY = "1,2";
			};
			name = Debug;
		};
		7C780A3526A6D54F009C50FB /* Release */ = {
			isa = XCBuildConfiguration;
			buildSettings = {
				ASSETCATALOG_COMPILER_APPICON_NAME = AppIcon;
				ASSETCATALOG_COMPILER_GLOBAL_ACCENT_COLOR_NAME = AccentColor;
				CODE_SIGN_STYLE = Automatic;
				CURRENT_PROJECT_VERSION = 1;
				DEVELOPMENT_TEAM = 47FU3Y4972;
				GENERATE_INFOPLIST_FILE = YES;
				INFOPLIST_FILE = MovieManagerApp/Info.plist;
				INFOPLIST_KEY_UIApplicationSupportsIndirectInputEvents = YES;
				INFOPLIST_KEY_UILaunchStoryboardName = LaunchScreen;
				INFOPLIST_KEY_UIMainStoryboardFile = Main;
				INFOPLIST_KEY_UISupportedInterfaceOrientations_iPad = "UIInterfaceOrientationPortrait UIInterfaceOrientationPortraitUpsideDown UIInterfaceOrientationLandscapeLeft UIInterfaceOrientationLandscapeRight";
				INFOPLIST_KEY_UISupportedInterfaceOrientations_iPhone = "UIInterfaceOrientationPortrait UIInterfaceOrientationLandscapeLeft UIInterfaceOrientationLandscapeRight";
				LD_RUNPATH_SEARCH_PATHS = (
					"$(inherited)",
					"@executable_path/Frameworks",
				);
				MARKETING_VERSION = 1.0;
				PRODUCT_BUNDLE_IDENTIFIER = "mesutaygun35-icloud.com.MovieManagerApp";
				PRODUCT_NAME = "$(TARGET_NAME)";
				SWIFT_EMIT_LOC_STRINGS = YES;
				SWIFT_VERSION = 5.0;
				TARGETED_DEVICE_FAMILY = "1,2";
			};
			name = Release;
		};
/* End XCBuildConfiguration section */

/* Begin XCConfigurationList section */
		7C780A1A26A6D54E009C50FB /* Build configuration list for PBXProject "MovieManagerApp" */ = {
			isa = XCConfigurationList;
			buildConfigurations = (
				7C780A3126A6D54F009C50FB /* Debug */,
				7C780A3226A6D54F009C50FB /* Release */,
			);
			defaultConfigurationIsVisible = 0;
			defaultConfigurationName = Release;
		};
		7C780A3326A6D54F009C50FB /* Build configuration list for PBXNativeTarget "MovieManagerApp" */ = {
			isa = XCConfigurationList;
			buildConfigurations = (
				7C780A3426A6D54F009C50FB /* Debug */,
				7C780A3526A6D54F009C50FB /* Release */,
			);
			defaultConfigurationIsVisible = 0;
			defaultConfigurationName = Release;
		};
/* End XCConfigurationList section */
	};
	rootObject = 7C780A1726A6D54E009C50FB /* Project object */;
}
